
Microsoft Visual Studio Solution File, Format Version 12.00
# Visual Studio 14
VisualStudioVersion = 14.0.25420.1
MinimumVisualStudioVersion = 10.0.40219.1
Project("{E24C65DC-7377-472B-9ABA-BC803B73C61A}") = "MarkdownEditor", ".", "{134381CC-9279-4F94-889F-0B31E42A1487}"
	ProjectSection(WebsiteProperties) = preProject
		TargetFrameworkMoniker = ".NETFramework,Version%3Dv4.5.2"
		Debug.AspNetCompiler.VirtualPath = "/localhost_57957"
		Debug.AspNetCompiler.PhysicalPath = "..\MarkdownEditor\"
		Debug.AspNetCompiler.TargetPath = "PrecompiledWeb\localhost_57957\"
		Debug.AspNetCompiler.Updateable = "true"
		Debug.AspNetCompiler.ForceOverwrite = "true"
		Debug.AspNetCompiler.FixedNames = "false"
		Debug.AspNetCompiler.Debug = "True"
		Release.AspNetCompiler.VirtualPath = "/localhost_57957"
		Release.AspNetCompiler.PhysicalPath = "..\MarkdownEditor\"
		Release.AspNetCompiler.TargetPath = "PrecompiledWeb\localhost_57957\"
		Release.AspNetCompiler.Updateable = "true"
		Release.AspNetCompiler.ForceOverwrite = "true"
		Release.AspNetCompiler.FixedNames = "false"
		Release.AspNetCompiler.Debug = "False"
		VWDPort = "57957"
		SlnRelativePath = "..\MarkdownEditor\"
	EndProjectSection
EndProject
Global
	GlobalSection(SolutionConfigurationPlatforms) = preSolution
		Debug|Any CPU = Debug|Any CPU
	EndGlobalSection
	GlobalSection(ProjectConfigurationPlatforms) = postSolution
		{134381CC-9279-4F94-889F-0B31E42A1487}.Debug|Any CPU.ActiveCfg = Debug|Any CPU
		{134381CC-9279-4F94-889F-0B31E42A1487}.Debug|Any CPU.Build.0 = Debug|Any CPU
	EndGlobalSection
	GlobalSection(SolutionProperties) = preSolution
		HideSolutionNode = FALSE
	EndGlobalSection
EndGlobal
